<?xml version="1.0" encoding="utf-8"?>
<Project ToolsVersion="4.0" xmlns="http://schemas.microsoft.com/developer/msbuild/2003">
  <ItemGroup>
    <Filter Include="Source Files">
      <UniqueIdentifier>{4FC737F1-C7A5-4376-A066-2A32D752A2FF}</UniqueIdentifier>
      <Extensions>cpp;c;cc;cxx;def;odl;idl;hpj;bat;asm;asmx</Extensions>
    </Filter>
    <Filter Include="Header Files">
      <UniqueIdentifier>{93995380-89BD-4b04-88EB-625FBE52EBFB}</UniqueIdentifier>
      <Extensions>h;hpp;hxx;hm;inl;inc;xsd</Extensions>
    </Filter>
    <Filter Include="Resource Files">
      <UniqueIdentifier>{67DA6AB6-F800-4c08-8B7A-83BB121AAD01}</UniqueIdentifier>
      <Extensions>rc;ico;cur;bmp;dlg;rc2;rct;bin;rgs;gif;jpg;jpeg;jpe;resx;tiff;tif;png;wav;mfcribbon-ms</Extensions>
    </Filter>
    <Filter Include="Diadem">
      <UniqueIdentifier>{6764f78f-ca54-412c-901e-5296b2b5770f}</UniqueIdentifier>
    </Filter>
    <Filter Include="gtest">
      <UniqueIdentifier>{2cd82c5b-ad47-4e5b-b3e7-76584e302aa4}</UniqueIdentifier>
    </Filter>
    <Filter Include="Diadem\Test">
      <UniqueIdentifier>{af40d36c-0912-4e3d-902a-f6a61edc21aa}</UniqueIdentifier>
    </Filter>
  </ItemGroup>
  <ItemGroup>
    <None Include="small.ico">
      <Filter>Resource Files</Filter>
    </None>
    <None Include="Diadem.ico">
      <Filter>Resource Files</Filter>
    </None>
  </ItemGroup>
  <ItemGroup>
    <ClInclude Include="stdafx.h">
      <Filter>Header Files</Filter>
    </ClInclude>
    <ClInclude Include="targetver.h">
      <Filter>Header Files</Filter>
    </ClInclude>
    <ClInclude Include="Resource.h">
      <Filter>Header Files</Filter>
    </ClInclude>
    <ClInclude Include="Diadem.h">
      <Filter>Header Files</Filter>
    </ClInclude>
    <ClInclude Include="..\Base.h">
      <Filter>Diadem</Filter>
    </ClInclude>
    <ClInclude Include="..\Entity.h">
      <Filter>Diadem</Filter>
    </ClInclude>
    <ClInclude Include="..\Value.h">
      <Filter>Diadem</Filter>
    </ClInclude>
    <ClInclude Include="..\Wrappers.h">
      <Filter>Diadem</Filter>
    </ClInclude>
    <ClInclude Include="..\Native.h">
      <Filter>Diadem</Filter>
    </ClInclude>
    <ClInclude Include="..\Layout.h">
      <Filter>Diadem</Filter>
    </ClInclude>
    <ClInclude Include="..\ChangeMessenger.h">
      <Filter>Diadem</Filter>
    </ClInclude>
    <ClInclude Include="..\Metrics.h">
      <Filter>Diadem</Filter>
    </ClInclude>
    <ClInclude Include="..\Factory.h">
      <Filter>Diadem</Filter>
    </ClInclude>
    <ClInclude Include="..\Binding.h">
      <Filter>Diadem</Filter>
    </ClInclude>
    <ClInclude Include="..\LabelGroup.h">
      <Filter>Diadem</Filter>
    </ClInclude>
    <ClInclude Include="..\XmlLiteParser.h">
      <Filter>Diadem</Filter>
    </ClInclude>
    <ClInclude Include="..\..\gtest\include\gtest\gtest.h">
      <Filter>gtest</Filter>
    </ClInclude>
    <ClInclude Include="..\..\gtest\include\gtest\gtest_pred_impl.h">
      <Filter>gtest</Filter>
    </ClInclude>
    <ClInclude Include="..\..\gtest\include\gtest\gtest_prod.h">
      <Filter>gtest</Filter>
    </ClInclude>
    <ClInclude Include="..\..\gtest\include\gtest\gtest-death-test.h">
      <Filter>gtest</Filter>
    </ClInclude>
    <ClInclude Include="..\..\gtest\include\gtest\gtest-message.h">
      <Filter>gtest</Filter>
    </ClInclude>
    <ClInclude Include="..\..\gtest\include\gtest\gtest-spi.h">
      <Filter>gtest</Filter>
    </ClInclude>
    <ClInclude Include="..\..\gtest\include\gtest\internal\gtest-death-test-internal.h">
      <Filter>gtest</Filter>
    </ClInclude>
    <ClInclude Include="..\..\gtest\include\gtest\internal\gtest-filepath.h">
      <Filter>gtest</Filter>
    </ClInclude>
    <ClInclude Include="..\..\gtest\include\gtest\internal\gtest-internal.h">
      <Filter>gtest</Filter>
    </ClInclude>
    <ClInclude Include="..\..\gtest\include\gtest\internal\gtest-port.h">
      <Filter>gtest</Filter>
    </ClInclude>
    <ClInclude Include="..\..\gtest\include\gtest\internal\gtest-string.h">
      <Filter>gtest</Filter>
    </ClInclude>
  </ItemGroup>
  <ItemGroup>
    <ClCompile Include="stdafx.cpp">
      <Filter>Source Files</Filter>
    </ClCompile>
    <ClCompile Include="Diadem.cpp">
      <Filter>Source Files</Filter>
    </ClCompile>
    <ClCompile Include="..\Entity.cc">
      <Filter>Diadem</Filter>
    </ClCompile>
    <ClCompile Include="..\Native.cc">
      <Filter>Diadem</Filter>
    </ClCompile>
    <ClCompile Include="..\Layout.cc">
      <Filter>Diadem</Filter>
    </ClCompile>
    <ClCompile Include="..\Value.cc">
      <Filter>Diadem</Filter>
    </ClCompile>
    <ClCompile Include="..\ChangeMessenger.cpp">
      <Filter>Diadem</Filter>
    </ClCompile>
    <ClCompile Include="..\Metrics.cc">
      <Filter>Diadem</Filter>
    </ClCompile>
    <ClCompile Include="..\Factory.cc">
      <Filter>Diadem</Filter>
    </ClCompile>
    <ClCompile Include="..\Binding.cc">
      <Filter>Diadem</Filter>
    </ClCompile>
    <ClCompile Include="..\LabelGroup.cc">
      <Filter>Diadem</Filter>
    </ClCompile>
    <ClCompile Include="..\XmlLiteParser.cc">
      <Filter>Diadem</Filter>
    </ClCompile>
    <ClCompile Include="..\..\gtest\src\gtest.cc">
      <Filter>gtest</Filter>
    </ClCompile>
    <ClCompile Include="..\..\gtest\src\gtest-death-test.cc">
      <Filter>gtest</Filter>
    </ClCompile>
    <ClCompile Include="..\..\gtest\src\gtest-filepath.cc">
      <Filter>gtest</Filter>
    </ClCompile>
    <ClCompile Include="..\..\gtest\src\gtest-port.cc">
      <Filter>gtest</Filter>
    </ClCompile>
    <ClCompile Include="..\..\gtest\src\gtest-test-part.cc">
      <Filter>gtest</Filter>
    </ClCompile>
    <ClCompile Include="..\..\gtest\src\gtest-typed-test.cc">
      <Filter>gtest</Filter>
    </ClCompile>
    <ClCompile Include="..\Test\ValueTest.cc">
      <Filter>Diadem\Test</Filter>
    </ClCompile>
    <ClCompile Include="..\Test\EntityTest.cc">
      <Filter>Diadem\Test</Filter>
    </ClCompile>
    <ClCompile Include="..\Test\FactoryTest.cc">
      <Filter>Diadem\Test</Filter>
    </ClCompile>
  </ItemGroup>
  <ItemGroup>
    <ResourceCompile Include="Diadem.rc">
      <Filter>Resource Files</Filter>
    </ResourceCompile>
  </ItemGroup>
</Project>